{
	"name": "epsilon",
	"version": "0.0.0",
	"lockfileVersion": 3,
	"requires": true,
	"packages": {
		"": {
			"name": "epsilon",
			"version": "0.0.0",
			"dependencies": {
				"js-cookies": "^1.0.4",
				"pnpm": "^9.6.0",
				"react-router-dom": "^6.25.1"
			},
			"devDependencies": {
				"turbo": "^2.0.9"
			}
		},
		"node_modules/@remix-run/router": {
			"version": "1.18.0",
			"resolved": "https://registry.npmjs.org/@remix-run/router/-/router-1.18.0.tgz",
			"integrity": "sha512-L3jkqmqoSVBVKHfpGZmLrex0lxR5SucGA0sUfFzGctehw+S/ggL9L/0NnC5mw6P8HUWpFZ3nQw3cRApjjWx9Sw==",
			"license": "MIT",
			"engines": {
				"node": ">=14.0.0"
			}
		},
		"node_modules/js-cookies": {
			"version": "1.0.4",
			"resolved": "https://registry.npmjs.org/js-cookies/-/js-cookies-1.0.4.tgz",
			"integrity": "sha512-cO1SHDH7zJsi8FihHmDtcWx90mWmrfGOrcLKPeaEX6tLyuTK2wnzgdmNa34Q6rNAd6VhQUgjDt5Eyl90VI/Fpg==",
			"license": "MIT"
		},
		"node_modules/js-tokens": {
			"version": "4.0.0",
			"resolved": "https://registry.npmjs.org/js-tokens/-/js-tokens-4.0.0.tgz",
			"integrity": "sha512-RdJUflcE3cUzKiMqQgsCu06FPu9UdIJO0beYbPhHN4k6apgJtifcoCtT9bcxOpYBtpD2kCM6Sbzg4CausW/PKQ==",
			"license": "MIT",
			"peer": true
		},
		"node_modules/loose-envify": {
			"version": "1.4.0",
			"resolved": "https://registry.npmjs.org/loose-envify/-/loose-envify-1.4.0.tgz",
			"integrity": "sha512-lyuxPGr/Wfhrlem2CL/UcnUc1zcqKAImBDzukY7Y5F/yQiNdko6+fRLevlw1HgMySw7f611UIY408EtxRSoK3Q==",
			"license": "MIT",
			"peer": true,
			"dependencies": {
				"js-tokens": "^3.0.0 || ^4.0.0"
			},
			"bin": {
				"loose-envify": "cli.js"
			}
		},
		"node_modules/pnpm": {
			"version": "9.6.0",
			"resolved": "https://registry.npmjs.org/pnpm/-/pnpm-9.6.0.tgz",
			"integrity": "sha512-ONxvuo26NbOTQLlwARLC/h4S8QsXE0cVpKqYzPe7A152/Zgc8Ls4TfqY+NavVIHCvvL0Jmokv6IMNOtxR84LXg==",
			"license": "MIT",
			"bin": {
				"pnpm": "bin/pnpm.cjs",
				"pnpx": "bin/pnpx.cjs"
			},
			"engines": {
				"node": ">=18.12"
			},
			"funding": {
				"url": "https://opencollective.com/pnpm"
			}
		},
		"node_modules/react": {
			"version": "18.3.1",
			"resolved": "https://registry.npmjs.org/react/-/react-18.3.1.tgz",
			"integrity": "sha512-wS+hAgJShR0KhEvPJArfuPVN1+Hz1t0Y6n5jLrGQbkb4urgPE/0Rve+1kMB1v/oWgHgm4WIcV+i7F2pTVj+2iQ==",
			"license": "MIT",
			"peer": true,
			"dependencies": {
				"loose-envify": "^1.1.0"
			},
			"engines": {
				"node": ">=0.10.0"
			}
		},
		"node_modules/react-dom": {
			"version": "18.3.1",
			"resolved": "https://registry.npmjs.org/react-dom/-/react-dom-18.3.1.tgz",
			"integrity": "sha512-5m4nQKp+rZRb09LNH59GM4BxTh9251/ylbKIbpe7TpGxfJ+9kv6BLkLBXIjjspbgbnIBNqlI23tRnTWT0snUIw==",
			"license": "MIT",
			"peer": true,
			"dependencies": {
				"loose-envify": "^1.1.0",
				"scheduler": "^0.23.2"
			},
			"peerDependencies": {
				"react": "^18.3.1"
			}
		},
		"node_modules/react-router": {
			"version": "6.25.1",
			"resolved": "https://registry.npmjs.org/react-router/-/react-router-6.25.1.tgz",
			"integrity": "sha512-u8ELFr5Z6g02nUtpPAggP73Jigj1mRePSwhS/2nkTrlPU5yEkH1vYzWNyvSnSzeeE2DNqWdH+P8OhIh9wuXhTw==",
			"license": "MIT",
			"dependencies": {
				"@remix-run/router": "1.18.0"
			},
			"engines": {
				"node": ">=14.0.0"
			},
			"peerDependencies": {
				"react": ">=16.8"
			}
		},
		"node_modules/react-router-dom": {
			"version": "6.25.1",
			"resolved": "https://registry.npmjs.org/react-router-dom/-/react-router-dom-6.25.1.tgz",
			"integrity": "sha512-0tUDpbFvk35iv+N89dWNrJp+afLgd+y4VtorJZuOCXK0kkCWjEvb3vTJM++SYvMEpbVwXKf3FjeVveVEb6JpDQ==",
			"license": "MIT",
			"dependencies": {
				"@remix-run/router": "1.18.0",
				"react-router": "6.25.1"
			},
			"engines": {
				"node": ">=14.0.0"
			},
			"peerDependencies": {
				"react": ">=16.8",
				"react-dom": ">=16.8"
			}
		},
		"node_modules/scheduler": {
			"version": "0.23.2",
			"resolved": "https://registry.npmjs.org/scheduler/-/scheduler-0.23.2.tgz",
			"integrity": "sha512-UOShsPwz7NrMUqhR6t0hWjFduvOzbtv7toDH1/hIrfRNIDBnnBWd0CwJTGvTpngVlmwGCdP9/Zl/tVrDqcuYzQ==",
			"license": "MIT",
			"peer": true,
			"dependencies": {
				"loose-envify": "^1.1.0"
			}
		},
		"node_modules/turbo": {
			"version": "2.0.9",
			"resolved": "https://registry.npmjs.org/turbo/-/turbo-2.0.9.tgz",
			"integrity": "sha512-QaLaUL1CqblSKKPgLrFW3lZWkWG4pGBQNW+q1ScJB5v1D/nFWtsrD/yZljW/bdawg90ihi4/ftQJ3h6fz1FamA==",
			"dev": true,
			"license": "MIT",
			"bin": {
				"turbo": "bin/turbo"
			},
			"optionalDependencies": {
				"turbo-darwin-64": "2.0.9",
				"turbo-darwin-arm64": "2.0.9",
				"turbo-linux-64": "2.0.9",
				"turbo-linux-arm64": "2.0.9",
				"turbo-windows-64": "2.0.9",
				"turbo-windows-arm64": "2.0.9"
			}
		},
		"node_modules/turbo-darwin-64": {
			"version": "2.0.9",
			"resolved": "https://registry.npmjs.org/turbo-darwin-64/-/turbo-darwin-64-2.0.9.tgz",
			"integrity": "sha512-owlGsOaExuVGBUfrnJwjkL1BWlvefjSKczEAcpLx4BI7Oh6ttakOi+JyomkPkFlYElRpjbvlR2gP8WIn6M/+xQ==",
			"cpu": [
				"x64"
			],
			"dev": true,
			"license": "MIT",
			"optional": true,
			"os": [
				"darwin"
			]
		},
		"node_modules/turbo-darwin-arm64": {
			"version": "2.0.9",
			"resolved": "https://registry.npmjs.org/turbo-darwin-arm64/-/turbo-darwin-arm64-2.0.9.tgz",
			"integrity": "sha512-XAXkKkePth5ZPPE/9G9tTnPQx0C8UTkGWmNGYkpmGgRr8NedW+HrPsi9N0HcjzzIH9A4TpNYvtiV+WcwdaEjKA==",
			"cpu": [
				"arm64"
			],
			"dev": true,
			"license": "MIT",
			"optional": true,
			"os": [
				"darwin"
			]
		},
		"node_modules/turbo-linux-64": {
			"version": "2.0.9",
			"resolved": "https://registry.npmjs.org/turbo-linux-64/-/turbo-linux-64-2.0.9.tgz",
			"integrity": "sha512-l9wSgEjrCFM1aG16zItBsZ206ZlhSSx1owB8Cgskfv0XyIXRGHRkluihiaxkp+UeU5WoEfz4EN5toc+ICA0q0w==",
			"cpu": [
				"x64"
			],
			"dev": true,
			"license": "MIT",
			"optional": true,
			"os": [
				"linux"
			]
		},
		"node_modules/turbo-linux-arm64": {
			"version": "2.0.9",
			"resolved": "https://registry.npmjs.org/turbo-linux-arm64/-/turbo-linux-arm64-2.0.9.tgz",
			"integrity": "sha512-gRnjxXRne18B27SwxXMqL3fJu7jw/8kBrOBTBNRSmZZiG1Uu3nbnP7b4lgrA/bCku6C0Wligwqurvtpq6+nFHA==",
			"cpu": [
				"arm64"
			],
			"dev": true,
			"license": "MIT",
			"optional": true,
			"os": [
				"linux"
			]
		},
		"node_modules/turbo-windows-64": {
			"version": "2.0.9",
			"resolved": "https://registry.npmjs.org/turbo-windows-64/-/turbo-windows-64-2.0.9.tgz",
			"integrity": "sha512-ZVo0apxUvaRq4Vm1qhsfqKKhtRgReYlBVf9MQvVU1O9AoyydEQvLDO1ryqpXDZWpcHoFxHAQc9msjAMtE5K2lA==",
			"cpu": [
				"x64"
			],
			"dev": true,
			"license": "MIT",
			"optional": true,
			"os": [
				"win32"
			]
		},
		"node_modules/turbo-windows-arm64": {
			"version": "2.0.9",
			"resolved": "https://registry.npmjs.org/turbo-windows-arm64/-/turbo-windows-arm64-2.0.9.tgz",
			"integrity": "sha512-sGRz7c5Pey6y7y9OKi8ypbWNuIRPF9y8xcMqL56OZifSUSo+X2EOsOleR9MKxQXVaqHPGOUKWsE6y8hxBi9pag==",
			"cpu": [
				"arm64"
			],
			"dev": true,
			"license": "MIT",
			"optional": true,
			"os": [
				"win32"
			]
		}
	}
}
